
Microsoft Visual Studio Solution File, Format Version 12.00
# Visual Studio Version 16
VisualStudioVersion = 16.0.31424.327
MinimumVisualStudioVersion = 10.0.40219.1
Project("{FAE04EC0-301F-11D3-BF4B-00C04F79EFBC}") = "StatePattern.Model", "StatePattern.Model\StatePattern.Model.csproj", "{5C64E55B-2D1C-4264-87B8-0CF804CA9B22}"
EndProject
Global
	GlobalSection(SolutionConfigurationPlatforms) = preSolution
		Debug|Any CPU = Debug|Any CPU
		Release|Any CPU = Release|Any CPU
	EndGlobalSection
	GlobalSection(ProjectConfigurationPlatforms) = postSolution
		{5C64E55B-2D1C-4264-87B8-0CF804CA9B22}.Debug|Any CPU.ActiveCfg = Debug|Any CPU
		{5C64E55B-2D1C-4264-87B8-0CF804CA9B22}.Debug|Any CPU.Build.0 = Debug|Any CPU
		{5C64E55B-2D1C-4264-87B8-0CF804CA9B22}.Release|Any CPU.ActiveCfg = Release|Any CPU
		{5C64E55B-2D1C-4264-87B8-0CF804CA9B22}.Release|Any CPU.Build.0 = Release|Any CPU
	EndGlobalSection
	GlobalSection(SolutionProperties) = preSolution
		HideSolutionNode = FALSE
	EndGlobalSection
	GlobalSection(ExtensibilityGlobals) = postSolution
		SolutionGuid = {6D2EF883-7C19-4EE1-9CDF-C5EAA06DDAC5}
	EndGlobalSection
EndGlobal
